
Microsoft Visual Studio Solution File, Format Version 12.00
# Visual Studio Version 17
VisualStudioVersion = 17.10.35013.160
MinimumVisualStudioVersion = 10.0.40219.1
Project("{FAE04EC0-301F-11D3-BF4B-00C04F79EFBC}") = "20252209_GitHubProject_2", "20252209_GitHubProject_2\20252209_GitHubProject_2.csproj", "{541DC546-1E30-4811-976C-1C690DF4588B}"
EndProject
Global
	GlobalSection(SolutionConfigurationPlatforms) = preSolution
		Debug|Any CPU = Debug|Any CPU
		Release|Any CPU = Release|Any CPU
	EndGlobalSection
	GlobalSection(ProjectConfigurationPlatforms) = postSolution
		{541DC546-1E30-4811-976C-1C690DF4588B}.Debug|Any CPU.ActiveCfg = Debug|Any CPU
		{541DC546-1E30-4811-976C-1C690DF4588B}.Debug|Any CPU.Build.0 = Debug|Any CPU
		{541DC546-1E30-4811-976C-1C690DF4588B}.Release|Any CPU.ActiveCfg = Release|Any CPU
		{541DC546-1E30-4811-976C-1C690DF4588B}.Release|Any CPU.Build.0 = Release|Any CPU
	EndGlobalSection
	GlobalSection(SolutionProperties) = preSolution
		HideSolutionNode = FALSE
	EndGlobalSection
	GlobalSection(ExtensibilityGlobals) = postSolution
		SolutionGuid = {500441B1-2A8C-4A2D-811E-9E4567F159FB}
	EndGlobalSection
EndGlobal
